// !$*UTF8*$!
{
	archiveVersion = 1;
	classes = {
	};
	objectVersion = 56;
	objects = {

/* Begin PBXBuildFile section */
		E126070B2B224B95003DEC27 /* NewsViewController.swift in Sources */ = {isa = PBXBuildFile; fileRef = E126070A2B224B95003DEC27 /* NewsViewController.swift */; };
		E126070D2B226627003DEC27 /* TechViewController.swift in Sources */ = {isa = PBXBuildFile; fileRef = E126070C2B226627003DEC27 /* TechViewController.swift */; };
		E126070F2B226631003DEC27 /* GamingViewController.swift in Sources */ = {isa = PBXBuildFile; fileRef = E126070E2B226631003DEC27 /* GamingViewController.swift */; };
		E12607112B226638003DEC27 /* PoliticsViewController.swift in Sources */ = {isa = PBXBuildFile; fileRef = E12607102B226638003DEC27 /* PoliticsViewController.swift */; };
		E12607132B226649003DEC27 /* FinanceViewController.swift in Sources */ = {isa = PBXBuildFile; fileRef = E12607122B226649003DEC27 /* FinanceViewController.swift */; };
		E12607152B226657003DEC27 /* LifestyleViewController.swift in Sources */ = {isa = PBXBuildFile; fileRef = E12607142B226657003DEC27 /* LifestyleViewController.swift */; };
		E12607172B22665F003DEC27 /* ScienceViewController.swift in Sources */ = {isa = PBXBuildFile; fileRef = E12607162B22665F003DEC27 /* ScienceViewController.swift */; };
		E12607192B22666B003DEC27 /* SportsViewController.swift in Sources */ = {isa = PBXBuildFile; fileRef = E12607182B22666B003DEC27 /* SportsViewController.swift */; };
		E126071B2B226671003DEC27 /* CinemaViewController.swift in Sources */ = {isa = PBXBuildFile; fileRef = E126071A2B226671003DEC27 /* CinemaViewController.swift */; };
		E126071D2B22667B003DEC27 /* ArtsViewController.swift in Sources */ = {isa = PBXBuildFile; fileRef = E126071C2B22667B003DEC27 /* ArtsViewController.swift */; };
		E13E293D2B192654007CBC21 /* WebViewViewController.swift in Sources */ = {isa = PBXBuildFile; fileRef = E13E293C2B192654007CBC21 /* WebViewViewController.swift */; };
		E14346932B16424D00608BB5 /* APICacheManager.swift in Sources */ = {isa = PBXBuildFile; fileRef = E14346922B16424D00608BB5 /* APICacheManager.swift */; };
		E14601912B13750C00FEEF3E /* ImageLoader.swift in Sources */ = {isa = PBXBuildFile; fileRef = E14601902B13750C00FEEF3E /* ImageLoader.swift */; };
		E14C2AD22B01439E00A57A78 /* HomeViewModel.swift in Sources */ = {isa = PBXBuildFile; fileRef = E14C2AD12B01439E00A57A78 /* HomeViewModel.swift */; };
		E14C2AD42B0143A900A57A78 /* FeaturedViewModel.swift in Sources */ = {isa = PBXBuildFile; fileRef = E14C2AD32B0143A900A57A78 /* FeaturedViewModel.swift */; };
		E14C2AD62B0143B500A57A78 /* ContentStoreViewModel.swift in Sources */ = {isa = PBXBuildFile; fileRef = E14C2AD52B0143B500A57A78 /* ContentStoreViewModel.swift */; };
		E14C2AD82B0143D400A57A78 /* NotificationsViewModel.swift in Sources */ = {isa = PBXBuildFile; fileRef = E14C2AD72B0143D400A57A78 /* NotificationsViewModel.swift */; };
		E14C2ADE2B0146E700A57A78 /* HomeCollectionViewCell.swift in Sources */ = {isa = PBXBuildFile; fileRef = E14C2ADD2B0146E700A57A78 /* HomeCollectionViewCell.swift */; };
		E15CA9622B0FBFDB00884139 /* NewsModel.swift in Sources */ = {isa = PBXBuildFile; fileRef = E15CA9612B0FBFDB00884139 /* NewsModel.swift */; };
		E15CA9642B0FC29D00884139 /* APIService.swift in Sources */ = {isa = PBXBuildFile; fileRef = E15CA9632B0FC29D00884139 /* APIService.swift */; };
		E15CA9662B0FC2A700884139 /* APIRequest.swift in Sources */ = {isa = PBXBuildFile; fileRef = E15CA9652B0FC2A700884139 /* APIRequest.swift */; };
		E15CA9682B0FC2B700884139 /* APIEndpoint.swift in Sources */ = {isa = PBXBuildFile; fileRef = E15CA9672B0FC2B700884139 /* APIEndpoint.swift */; };
		E165CB7D2B17599B001AF30E /* FeaturedHeaderCollectionViewCell.swift in Sources */ = {isa = PBXBuildFile; fileRef = E165CB7C2B17599B001AF30E /* FeaturedHeaderCollectionViewCell.swift */; };
		E165CB7F2B175FF0001AF30E /* FeaturedTableViewHeaderViewModel.swift in Sources */ = {isa = PBXBuildFile; fileRef = E165CB7E2B175FF0001AF30E /* FeaturedTableViewHeaderViewModel.swift */; };
		E16FE1C02B0136B300677464 /* HomeViewController.swift in Sources */ = {isa = PBXBuildFile; fileRef = E16FE1BF2B0136B300677464 /* HomeViewController.swift */; };
		E16FE1C22B0136BF00677464 /* FeaturedViewController.swift in Sources */ = {isa = PBXBuildFile; fileRef = E16FE1C12B0136BF00677464 /* FeaturedViewController.swift */; };
		E16FE1C42B0136D400677464 /* ContentStoreViewController.swift in Sources */ = {isa = PBXBuildFile; fileRef = E16FE1C32B0136D400677464 /* ContentStoreViewController.swift */; };
		E16FE1C62B0136E500677464 /* NotificationsViewController.swift in Sources */ = {isa = PBXBuildFile; fileRef = E16FE1C52B0136E500677464 /* NotificationsViewController.swift */; };
		E17F6A0F2B029042005136F3 /* Extensions.swift in Sources */ = {isa = PBXBuildFile; fileRef = E17F6A0E2B029042005136F3 /* Extensions.swift */; };
		E17F6A112B02994B005136F3 /* FeaturedTableViewCell.swift in Sources */ = {isa = PBXBuildFile; fileRef = E17F6A102B02994B005136F3 /* FeaturedTableViewCell.swift */; };
		E17F6A142B02A79A005136F3 /* FeaturedTableViewHeader.swift in Sources */ = {isa = PBXBuildFile; fileRef = E17F6A132B02A79A005136F3 /* FeaturedTableViewHeader.swift */; };
		E17F6A162B02AB8E005136F3 /* NotificationsTableViewCell.swift in Sources */ = {isa = PBXBuildFile; fileRef = E17F6A152B02AB8E005136F3 /* NotificationsTableViewCell.swift */; };
		E1884C242B14A2D00064E190 /* ContainerViewController.swift in Sources */ = {isa = PBXBuildFile; fileRef = E1884C232B14A2D00064E190 /* ContainerViewController.swift */; };
		E1884C262B14A2F40064E190 /* MenuViewController.swift in Sources */ = {isa = PBXBuildFile; fileRef = E1884C252B14A2F40064E190 /* MenuViewController.swift */; };
		E1884C282B14AF7E0064E190 /* MenuTableViewCell.swift in Sources */ = {isa = PBXBuildFile; fileRef = E1884C272B14AF7E0064E190 /* MenuTableViewCell.swift */; };
		E1884C2A2B14F75C0064E190 /* MenuHeaderView.swift in Sources */ = {isa = PBXBuildFile; fileRef = E1884C292B14F75C0064E190 /* MenuHeaderView.swift */; };
		E19C21292B207EA500A8D5DA /* SearchResultsViewController.swift in Sources */ = {isa = PBXBuildFile; fileRef = E19C21282B207EA500A8D5DA /* SearchResultsViewController.swift */; };
		E1A44FD42B0133730096AC35 /* AppDelegate.swift in Sources */ = {isa = PBXBuildFile; fileRef = E1A44FD32B0133730096AC35 /* AppDelegate.swift */; };
		E1A44FD62B0133730096AC35 /* SceneDelegate.swift in Sources */ = {isa = PBXBuildFile; fileRef = E1A44FD52B0133730096AC35 /* SceneDelegate.swift */; };
		E1A44FD82B0133730096AC35 /* TabBarController.swift in Sources */ = {isa = PBXBuildFile; fileRef = E1A44FD72B0133730096AC35 /* TabBarController.swift */; };
		E1A44FDD2B0133740096AC35 /* Assets.xcassets in Resources */ = {isa = PBXBuildFile; fileRef = E1A44FDC2B0133740096AC35 /* Assets.xcassets */; };
		E1A44FE02B0133740096AC35 /* LaunchScreen.storyboard in Resources */ = {isa = PBXBuildFile; fileRef = E1A44FDE2B0133740096AC35 /* LaunchScreen.storyboard */; };
		E1A44FEB2B0133740096AC35 /* BundleCloneTests.swift in Sources */ = {isa = PBXBuildFile; fileRef = E1A44FEA2B0133740096AC35 /* BundleCloneTests.swift */; };
		E1A44FF52B0133740096AC35 /* BundleCloneUITests.swift in Sources */ = {isa = PBXBuildFile; fileRef = E1A44FF42B0133740096AC35 /* BundleCloneUITests.swift */; };
		E1A44FF72B0133740096AC35 /* BundleCloneUITestsLaunchTests.swift in Sources */ = {isa = PBXBuildFile; fileRef = E1A44FF62B0133740096AC35 /* BundleCloneUITestsLaunchTests.swift */; };
		E1E52BBB2B178FF700077484 /* DetailsViewController.swift in Sources */ = {isa = PBXBuildFile; fileRef = E1E52BBA2B178FF700077484 /* DetailsViewController.swift */; };
/* End PBXBuildFile section */

/* Begin PBXContainerItemProxy section */
		E1A44FE72B0133740096AC35 /* PBXContainerItemProxy */ = {
			isa = PBXContainerItemProxy;
			containerPortal = E1A44FC82B0133730096AC35 /* Project object */;
			proxyType = 1;
			remoteGlobalIDString = E1A44FCF2B0133730096AC35;
			remoteInfo = BundleClone;
		};
		E1A44FF12B0133740096AC35 /* PBXContainerItemProxy */ = {
			isa = PBXContainerItemProxy;
			containerPortal = E1A44FC82B0133730096AC35 /* Project object */;
			proxyType = 1;
			remoteGlobalIDString = E1A44FCF2B0133730096AC35;
			remoteInfo = BundleClone;
		};
/* End PBXContainerItemProxy section */

/* Begin PBXFileReference section */
		E126070A2B224B95003DEC27 /* NewsViewController.swift */ = {isa = PBXFileReference; lastKnownFileType = sourcecode.swift; path = NewsViewController.swift; sourceTree = "<group>"; };
		E126070C2B226627003DEC27 /* TechViewController.swift */ = {isa = PBXFileReference; lastKnownFileType = sourcecode.swift; path = TechViewController.swift; sourceTree = "<group>"; };
		E126070E2B226631003DEC27 /* GamingViewController.swift */ = {isa = PBXFileReference; lastKnownFileType = sourcecode.swift; path = GamingViewController.swift; sourceTree = "<group>"; };
		E12607102B226638003DEC27 /* PoliticsViewController.swift */ = {isa = PBXFileReference; lastKnownFileType = sourcecode.swift; path = PoliticsViewController.swift; sourceTree = "<group>"; };
		E12607122B226649003DEC27 /* FinanceViewController.swift */ = {isa = PBXFileReference; lastKnownFileType = sourcecode.swift; path = FinanceViewController.swift; sourceTree = "<group>"; };
		E12607142B226657003DEC27 /* LifestyleViewController.swift */ = {isa = PBXFileReference; lastKnownFileType = sourcecode.swift; path = LifestyleViewController.swift; sourceTree = "<group>"; };
		E12607162B22665F003DEC27 /* ScienceViewController.swift */ = {isa = PBXFileReference; lastKnownFileType = sourcecode.swift; path = ScienceViewController.swift; sourceTree = "<group>"; };
		E12607182B22666B003DEC27 /* SportsViewController.swift */ = {isa = PBXFileReference; lastKnownFileType = sourcecode.swift; path = SportsViewController.swift; sourceTree = "<group>"; };
		E126071A2B226671003DEC27 /* CinemaViewController.swift */ = {isa = PBXFileReference; lastKnownFileType = sourcecode.swift; path = CinemaViewController.swift; sourceTree = "<group>"; };
		E126071C2B22667B003DEC27 /* ArtsViewController.swift */ = {isa = PBXFileReference; lastKnownFileType = sourcecode.swift; path = ArtsViewController.swift; sourceTree = "<group>"; };
		E13E293C2B192654007CBC21 /* WebViewViewController.swift */ = {isa = PBXFileReference; lastKnownFileType = sourcecode.swift; path = WebViewViewController.swift; sourceTree = "<group>"; };
		E14346922B16424D00608BB5 /* APICacheManager.swift */ = {isa = PBXFileReference; lastKnownFileType = sourcecode.swift; path = APICacheManager.swift; sourceTree = "<group>"; };
		E14601902B13750C00FEEF3E /* ImageLoader.swift */ = {isa = PBXFileReference; lastKnownFileType = sourcecode.swift; path = ImageLoader.swift; sourceTree = "<group>"; };
		E14C2AD12B01439E00A57A78 /* HomeViewModel.swift */ = {isa = PBXFileReference; lastKnownFileType = sourcecode.swift; path = HomeViewModel.swift; sourceTree = "<group>"; };
		E14C2AD32B0143A900A57A78 /* FeaturedViewModel.swift */ = {isa = PBXFileReference; lastKnownFileType = sourcecode.swift; path = FeaturedViewModel.swift; sourceTree = "<group>"; };
		E14C2AD52B0143B500A57A78 /* ContentStoreViewModel.swift */ = {isa = PBXFileReference; lastKnownFileType = sourcecode.swift; path = ContentStoreViewModel.swift; sourceTree = "<group>"; };
		E14C2AD72B0143D400A57A78 /* NotificationsViewModel.swift */ = {isa = PBXFileReference; lastKnownFileType = sourcecode.swift; path = NotificationsViewModel.swift; sourceTree = "<group>"; };
		E14C2ADD2B0146E700A57A78 /* HomeCollectionViewCell.swift */ = {isa = PBXFileReference; lastKnownFileType = sourcecode.swift; path = HomeCollectionViewCell.swift; sourceTree = "<group>"; };
		E15CA9612B0FBFDB00884139 /* NewsModel.swift */ = {isa = PBXFileReference; lastKnownFileType = sourcecode.swift; path = NewsModel.swift; sourceTree = "<group>"; };
		E15CA9632B0FC29D00884139 /* APIService.swift */ = {isa = PBXFileReference; lastKnownFileType = sourcecode.swift; path = APIService.swift; sourceTree = "<group>"; };
		E15CA9652B0FC2A700884139 /* APIRequest.swift */ = {isa = PBXFileReference; lastKnownFileType = sourcecode.swift; path = APIRequest.swift; sourceTree = "<group>"; };
		E15CA9672B0FC2B700884139 /* APIEndpoint.swift */ = {isa = PBXFileReference; lastKnownFileType = sourcecode.swift; path = APIEndpoint.swift; sourceTree = "<group>"; };
		E165CB7C2B17599B001AF30E /* FeaturedHeaderCollectionViewCell.swift */ = {isa = PBXFileReference; lastKnownFileType = sourcecode.swift; path = FeaturedHeaderCollectionViewCell.swift; sourceTree = "<group>"; };
		E165CB7E2B175FF0001AF30E /* FeaturedTableViewHeaderViewModel.swift */ = {isa = PBXFileReference; lastKnownFileType = sourcecode.swift; path = FeaturedTableViewHeaderViewModel.swift; sourceTree = "<group>"; };
		E16FE1BF2B0136B300677464 /* HomeViewController.swift */ = {isa = PBXFileReference; lastKnownFileType = sourcecode.swift; path = HomeViewController.swift; sourceTree = "<group>"; };
		E16FE1C12B0136BF00677464 /* FeaturedViewController.swift */ = {isa = PBXFileReference; lastKnownFileType = sourcecode.swift; path = FeaturedViewController.swift; sourceTree = "<group>"; };
		E16FE1C32B0136D400677464 /* ContentStoreViewController.swift */ = {isa = PBXFileReference; lastKnownFileType = sourcecode.swift; path = ContentStoreViewController.swift; sourceTree = "<group>"; };
		E16FE1C52B0136E500677464 /* NotificationsViewController.swift */ = {isa = PBXFileReference; lastKnownFileType = sourcecode.swift; path = NotificationsViewController.swift; sourceTree = "<group>"; };
		E17F6A0E2B029042005136F3 /* Extensions.swift */ = {isa = PBXFileReference; lastKnownFileType = sourcecode.swift; path = Extensions.swift; sourceTree = "<group>"; };
		E17F6A102B02994B005136F3 /* FeaturedTableViewCell.swift */ = {isa = PBXFileReference; lastKnownFileType = sourcecode.swift; path = FeaturedTableViewCell.swift; sourceTree = "<group>"; };
		E17F6A132B02A79A005136F3 /* FeaturedTableViewHeader.swift */ = {isa = PBXFileReference; lastKnownFileType = sourcecode.swift; path = FeaturedTableViewHeader.swift; sourceTree = "<group>"; };
		E17F6A152B02AB8E005136F3 /* NotificationsTableViewCell.swift */ = {isa = PBXFileReference; lastKnownFileType = sourcecode.swift; path = NotificationsTableViewCell.swift; sourceTree = "<group>"; };
		E1884C232B14A2D00064E190 /* ContainerViewController.swift */ = {isa = PBXFileReference; lastKnownFileType = sourcecode.swift; path = ContainerViewController.swift; sourceTree = "<group>"; };
		E1884C252B14A2F40064E190 /* MenuViewController.swift */ = {isa = PBXFileReference; lastKnownFileType = sourcecode.swift; path = MenuViewController.swift; sourceTree = "<group>"; };
		E1884C272B14AF7E0064E190 /* MenuTableViewCell.swift */ = {isa = PBXFileReference; lastKnownFileType = sourcecode.swift; path = MenuTableViewCell.swift; sourceTree = "<group>"; };
		E1884C292B14F75C0064E190 /* MenuHeaderView.swift */ = {isa = PBXFileReference; lastKnownFileType = sourcecode.swift; path = MenuHeaderView.swift; sourceTree = "<group>"; };
		E19C21282B207EA500A8D5DA /* SearchResultsViewController.swift */ = {isa = PBXFileReference; lastKnownFileType = sourcecode.swift; path = SearchResultsViewController.swift; sourceTree = "<group>"; };
		E1A44FD02B0133730096AC35 /* BundleClone.app */ = {isa = PBXFileReference; explicitFileType = wrapper.application; includeInIndex = 0; path = BundleClone.app; sourceTree = BUILT_PRODUCTS_DIR; };
		E1A44FD32B0133730096AC35 /* AppDelegate.swift */ = {isa = PBXFileReference; lastKnownFileType = sourcecode.swift; path = AppDelegate.swift; sourceTree = "<group>"; };
		E1A44FD52B0133730096AC35 /* SceneDelegate.swift */ = {isa = PBXFileReference; lastKnownFileType = sourcecode.swift; path = SceneDelegate.swift; sourceTree = "<group>"; };
		E1A44FD72B0133730096AC35 /* TabBarController.swift */ = {isa = PBXFileReference; lastKnownFileType = sourcecode.swift; path = TabBarController.swift; sourceTree = "<group>"; };
		E1A44FDC2B0133740096AC35 /* Assets.xcassets */ = {isa = PBXFileReference; lastKnownFileType = folder.assetcatalog; path = Assets.xcassets; sourceTree = "<group>"; };
		E1A44FDF2B0133740096AC35 /* Base */ = {isa = PBXFileReference; lastKnownFileType = file.storyboard; name = Base; path = Base.lproj/LaunchScreen.storyboard; sourceTree = "<group>"; };
		E1A44FE12B0133740096AC35 /* Info.plist */ = {isa = PBXFileReference; lastKnownFileType = text.plist.xml; path = Info.plist; sourceTree = "<group>"; };
		E1A44FE62B0133740096AC35 /* BundleCloneTests.xctest */ = {isa = PBXFileReference; explicitFileType = wrapper.cfbundle; includeInIndex = 0; path = BundleCloneTests.xctest; sourceTree = BUILT_PRODUCTS_DIR; };
		E1A44FEA2B0133740096AC35 /* BundleCloneTests.swift */ = {isa = PBXFileReference; lastKnownFileType = sourcecode.swift; path = BundleCloneTests.swift; sourceTree = "<group>"; };
		E1A44FF02B0133740096AC35 /* BundleCloneUITests.xctest */ = {isa = PBXFileReference; explicitFileType = wrapper.cfbundle; includeInIndex = 0; path = BundleCloneUITests.xctest; sourceTree = BUILT_PRODUCTS_DIR; };
		E1A44FF42B0133740096AC35 /* BundleCloneUITests.swift */ = {isa = PBXFileReference; lastKnownFileType = sourcecode.swift; path = BundleCloneUITests.swift; sourceTree = "<group>"; };
		E1A44FF62B0133740096AC35 /* BundleCloneUITestsLaunchTests.swift */ = {isa = PBXFileReference; lastKnownFileType = sourcecode.swift; path = BundleCloneUITestsLaunchTests.swift; sourceTree = "<group>"; };
		E1E52BBA2B178FF700077484 /* DetailsViewController.swift */ = {isa = PBXFileReference; lastKnownFileType = sourcecode.swift; path = DetailsViewController.swift; sourceTree = "<group>"; };
/* End PBXFileReference section */

/* Begin PBXFrameworksBuildPhase section */
		E1A44FCD2B0133730096AC35 /* Frameworks */ = {
			isa = PBXFrameworksBuildPhase;
			buildActionMask = 2147483647;
			files = (
			);
			runOnlyForDeploymentPostprocessing = 0;
		};
		E1A44FE32B0133740096AC35 /* Frameworks */ = {
			isa = PBXFrameworksBuildPhase;
			buildActionMask = 2147483647;
			files = (
			);
			runOnlyForDeploymentPostprocessing = 0;
		};
		E1A44FED2B0133740096AC35 /* Frameworks */ = {
			isa = PBXFrameworksBuildPhase;
			buildActionMask = 2147483647;
			files = (
			);
			runOnlyForDeploymentPostprocessing = 0;
		};
/* End PBXFrameworksBuildPhase section */

/* Begin PBXGroup section */
		E12607092B224B7F003DEC27 /* ViewControllers */ = {
			isa = PBXGroup;
			children = (
				E126070A2B224B95003DEC27 /* NewsViewController.swift */,
				E126070C2B226627003DEC27 /* TechViewController.swift */,
				E126070E2B226631003DEC27 /* GamingViewController.swift */,
				E12607102B226638003DEC27 /* PoliticsViewController.swift */,
				E12607122B226649003DEC27 /* FinanceViewController.swift */,
				E12607142B226657003DEC27 /* LifestyleViewController.swift */,
				E12607162B22665F003DEC27 /* ScienceViewController.swift */,
				E12607182B22666B003DEC27 /* SportsViewController.swift */,
				E126071A2B226671003DEC27 /* CinemaViewController.swift */,
				E126071C2B22667B003DEC27 /* ArtsViewController.swift */,
			);
			path = ViewControllers;
			sourceTree = "<group>";
		};
		E13E293B2B192642007CBC21 /* WebView */ = {
			isa = PBXGroup;
			children = (
				E13E293C2B192654007CBC21 /* WebViewViewController.swift */,
			);
			path = WebView;
			sourceTree = "<group>";
		};
		E146018F2B1374FD00FEEF3E /* Managers */ = {
			isa = PBXGroup;
			children = (
				E14601902B13750C00FEEF3E /* ImageLoader.swift */,
				E14346922B16424D00608BB5 /* APICacheManager.swift */,
			);
			path = Managers;
			sourceTree = "<group>";
		};
		E14C2AD92B01469500A57A78 /* Home */ = {
			isa = PBXGroup;
			children = (
				E16FE1BF2B0136B300677464 /* HomeViewController.swift */,
				E14C2ADD2B0146E700A57A78 /* HomeCollectionViewCell.swift */,
			);
			path = Home;
			sourceTree = "<group>";
		};
		E14C2ADA2B0146A200A57A78 /* Featured */ = {
			isa = PBXGroup;
			children = (
				E16FE1C12B0136BF00677464 /* FeaturedViewController.swift */,
				E17F6A102B02994B005136F3 /* FeaturedTableViewCell.swift */,
				E165CB7C2B17599B001AF30E /* FeaturedHeaderCollectionViewCell.swift */,
			);
			path = Featured;
			sourceTree = "<group>";
		};
		E14C2ADB2B0146AA00A57A78 /* ContentStore */ = {
			isa = PBXGroup;
			children = (
				E16FE1C32B0136D400677464 /* ContentStoreViewController.swift */,
				E19C21282B207EA500A8D5DA /* SearchResultsViewController.swift */,
			);
			path = ContentStore;
			sourceTree = "<group>";
		};
		E14C2ADC2B0146B200A57A78 /* Notifications */ = {
			isa = PBXGroup;
			children = (
				E16FE1C52B0136E500677464 /* NotificationsViewController.swift */,
				E17F6A152B02AB8E005136F3 /* NotificationsTableViewCell.swift */,
			);
			path = Notifications;
			sourceTree = "<group>";
		};
		E15CA95C2B0FB9A800884139 /* APIClient */ = {
			isa = PBXGroup;
			children = (
				E15CA9632B0FC29D00884139 /* APIService.swift */,
				E15CA9652B0FC2A700884139 /* APIRequest.swift */,
				E15CA9672B0FC2B700884139 /* APIEndpoint.swift */,
			);
			path = APIClient;
			sourceTree = "<group>";
		};
		E17F6A122B02A76F005136F3 /* Views */ = {
			isa = PBXGroup;
			children = (
				E1884C292B14F75C0064E190 /* MenuHeaderView.swift */,
				E17F6A132B02A79A005136F3 /* FeaturedTableViewHeader.swift */,
			);
			path = Views;
			sourceTree = "<group>";
		};
		E1884C1E2B149ECE0064E190 /* SideMenu */ = {
			isa = PBXGroup;
			children = (
				E1884C232B14A2D00064E190 /* ContainerViewController.swift */,
				E1884C252B14A2F40064E190 /* MenuViewController.swift */,
				E1884C272B14AF7E0064E190 /* MenuTableViewCell.swift */,
				E12607092B224B7F003DEC27 /* ViewControllers */,
			);
			path = SideMenu;
			sourceTree = "<group>";
		};
		E1A44FC72B0133730096AC35 = {
			isa = PBXGroup;
			children = (
				E1A44FD22B0133730096AC35 /* BundleClone */,
				E1A44FE92B0133740096AC35 /* BundleCloneTests */,
				E1A44FF32B0133740096AC35 /* BundleCloneUITests */,
				E1A44FD12B0133730096AC35 /* Products */,
			);
			sourceTree = "<group>";
		};
		E1A44FD12B0133730096AC35 /* Products */ = {
			isa = PBXGroup;
			children = (
				E1A44FD02B0133730096AC35 /* BundleClone.app */,
				E1A44FE62B0133740096AC35 /* BundleCloneTests.xctest */,
				E1A44FF02B0133740096AC35 /* BundleCloneUITests.xctest */,
			);
			name = Products;
			sourceTree = "<group>";
		};
		E1A44FD22B0133730096AC35 /* BundleClone */ = {
			isa = PBXGroup;
			children = (
				E15CA95C2B0FB9A800884139 /* APIClient */,
				E146018F2B1374FD00FEEF3E /* Managers */,
				E1A450052B0133FF0096AC35 /* Resource */,
				E1A450032B0133E20096AC35 /* Delegates */,
				E1A450062B01341D0096AC35 /* Models */,
				E17F6A122B02A76F005136F3 /* Views */,
				E1A450042B0133F10096AC35 /* Controllers */,
				E1A450072B0134270096AC35 /* ViewModels */,
				E1A450082B0134C80096AC35 /* Other */,
				E1A44FE12B0133740096AC35 /* Info.plist */,
			);
			path = BundleClone;
			sourceTree = "<group>";
		};
		E1A44FE92B0133740096AC35 /* BundleCloneTests */ = {
			isa = PBXGroup;
			children = (
				E1A44FEA2B0133740096AC35 /* BundleCloneTests.swift */,
			);
			path = BundleCloneTests;
			sourceTree = "<group>";
		};
		E1A44FF32B0133740096AC35 /* BundleCloneUITests */ = {
			isa = PBXGroup;
			children = (
				E1A44FF42B0133740096AC35 /* BundleCloneUITests.swift */,
				E1A44FF62B0133740096AC35 /* BundleCloneUITestsLaunchTests.swift */,
			);
			path = BundleCloneUITests;
			sourceTree = "<group>";
		};
		E1A450032B0133E20096AC35 /* Delegates */ = {
			isa = PBXGroup;
			children = (
				E1A44FD32B0133730096AC35 /* AppDelegate.swift */,
				E1A44FD52B0133730096AC35 /* SceneDelegate.swift */,
			);
			path = Delegates;
			sourceTree = "<group>";
		};
		E1A450042B0133F10096AC35 /* Controllers */ = {
			isa = PBXGroup;
			children = (
				E1E52BB92B178FE900077484 /* Details */,
				E1884C1E2B149ECE0064E190 /* SideMenu */,
				E14C2AD92B01469500A57A78 /* Home */,
				E14C2ADA2B0146A200A57A78 /* Featured */,
				E14C2ADB2B0146AA00A57A78 /* ContentStore */,
				E14C2ADC2B0146B200A57A78 /* Notifications */,
				E13E293B2B192642007CBC21 /* WebView */,
				E1A44FD72B0133730096AC35 /* TabBarController.swift */,
			);
			path = Controllers;
			sourceTree = "<group>";
		};
		E1A450052B0133FF0096AC35 /* Resource */ = {
			isa = PBXGroup;
			children = (
				E17F6A0E2B029042005136F3 /* Extensions.swift */,
			);
			path = Resource;
			sourceTree = "<group>";
		};
		E1A450062B01341D0096AC35 /* Models */ = {
			isa = PBXGroup;
			children = (
				E15CA9612B0FBFDB00884139 /* NewsModel.swift */,
			);
			path = Models;
			sourceTree = "<group>";
		};
		E1A450072B0134270096AC35 /* ViewModels */ = {
			isa = PBXGroup;
			children = (
				E14C2AD12B01439E00A57A78 /* HomeViewModel.swift */,
				E14C2AD32B0143A900A57A78 /* FeaturedViewModel.swift */,
				E14C2AD52B0143B500A57A78 /* ContentStoreViewModel.swift */,
				E14C2AD72B0143D400A57A78 /* NotificationsViewModel.swift */,
				E165CB7E2B175FF0001AF30E /* FeaturedTableViewHeaderViewModel.swift */,
			);
			path = ViewModels;
			sourceTree = "<group>";
		};
		E1A450082B0134C80096AC35 /* Other */ = {
			isa = PBXGroup;
			children = (
				E1A44FDC2B0133740096AC35 /* Assets.xcassets */,
				E1A44FDE2B0133740096AC35 /* LaunchScreen.storyboard */,
			);
			path = Other;
			sourceTree = "<group>";
		};
		E1E52BB92B178FE900077484 /* Details */ = {
			isa = PBXGroup;
			children = (
				E1E52BBA2B178FF700077484 /* DetailsViewController.swift */,
			);
			path = Details;
			sourceTree = "<group>";
		};
/* End PBXGroup section */

/* Begin PBXNativeTarget section */
		E1A44FCF2B0133730096AC35 /* BundleClone */ = {
			isa = PBXNativeTarget;
			buildConfigurationList = E1A44FFA2B0133740096AC35 /* Build configuration list for PBXNativeTarget "BundleClone" */;
			buildPhases = (
				E1A44FCC2B0133730096AC35 /* Sources */,
				E1A44FCD2B0133730096AC35 /* Frameworks */,
				E1A44FCE2B0133730096AC35 /* Resources */,
			);
			buildRules = (
			);
			dependencies = (
			);
			name = BundleClone;
			productName = BundleClone;
			productReference = E1A44FD02B0133730096AC35 /* BundleClone.app */;
			productType = "com.apple.product-type.application";
		};
		E1A44FE52B0133740096AC35 /* BundleCloneTests */ = {
			isa = PBXNativeTarget;
			buildConfigurationList = E1A44FFD2B0133740096AC35 /* Build configuration list for PBXNativeTarget "BundleCloneTests" */;
			buildPhases = (
				E1A44FE22B0133740096AC35 /* Sources */,
				E1A44FE32B0133740096AC35 /* Frameworks */,
				E1A44FE42B0133740096AC35 /* Resources */,
			);
			buildRules = (
			);
			dependencies = (
				E1A44FE82B0133740096AC35 /* PBXTargetDependency */,
			);
			name = BundleCloneTests;
			productName = BundleCloneTests;
			productReference = E1A44FE62B0133740096AC35 /* BundleCloneTests.xctest */;
			productType = "com.apple.product-type.bundle.unit-test";
		};
		E1A44FEF2B0133740096AC35 /* BundleCloneUITests */ = {
			isa = PBXNativeTarget;
			buildConfigurationList = E1A450002B0133740096AC35 /* Build configuration list for PBXNativeTarget "BundleCloneUITests" */;
			buildPhases = (
				E1A44FEC2B0133740096AC35 /* Sources */,
				E1A44FED2B0133740096AC35 /* Frameworks */,
				E1A44FEE2B0133740096AC35 /* Resources */,
			);
			buildRules = (
			);
			dependencies = (
				E1A44FF22B0133740096AC35 /* PBXTargetDependency */,
			);
			name = BundleCloneUITests;
			productName = BundleCloneUITests;
			productReference = E1A44FF02B0133740096AC35 /* BundleCloneUITests.xctest */;
			productType = "com.apple.product-type.bundle.ui-testing";
		};
/* End PBXNativeTarget section */

/* Begin PBXProject section */
		E1A44FC82B0133730096AC35 /* Project object */ = {
			isa = PBXProject;
			attributes = {
				BuildIndependentTargetsInParallel = 1;
				LastSwiftUpdateCheck = 1500;
				LastUpgradeCheck = 1500;
				TargetAttributes = {
					E1A44FCF2B0133730096AC35 = {
						CreatedOnToolsVersion = 15.0.1;
					};
					E1A44FE52B0133740096AC35 = {
						CreatedOnToolsVersion = 15.0.1;
						TestTargetID = E1A44FCF2B0133730096AC35;
					};
					E1A44FEF2B0133740096AC35 = {
						CreatedOnToolsVersion = 15.0.1;
						TestTargetID = E1A44FCF2B0133730096AC35;
					};
				};
			};
			buildConfigurationList = E1A44FCB2B0133730096AC35 /* Build configuration list for PBXProject "BundleClone" */;
			compatibilityVersion = "Xcode 14.0";
			developmentRegion = en;
			hasScannedForEncodings = 0;
			knownRegions = (
				en,
				Base,
			);
			mainGroup = E1A44FC72B0133730096AC35;
			productRefGroup = E1A44FD12B0133730096AC35 /* Products */;
			projectDirPath = "";
			projectRoot = "";
			targets = (
				E1A44FCF2B0133730096AC35 /* BundleClone */,
				E1A44FE52B0133740096AC35 /* BundleCloneTests */,
				E1A44FEF2B0133740096AC35 /* BundleCloneUITests */,
			);
		};
/* End PBXProject section */

/* Begin PBXResourcesBuildPhase section */
		E1A44FCE2B0133730096AC35 /* Resources */ = {
			isa = PBXResourcesBuildPhase;
			buildActionMask = 2147483647;
			files = (
				E1A44FE02B0133740096AC35 /* LaunchScreen.storyboard in Resources */,
				E1A44FDD2B0133740096AC35 /* Assets.xcassets in Resources */,
			);
			runOnlyForDeploymentPostprocessing = 0;
		};
		E1A44FE42B0133740096AC35 /* Resources */ = {
			isa = PBXResourcesBuildPhase;
			buildActionMask = 2147483647;
			files = (
			);
			runOnlyForDeploymentPostprocessing = 0;
		};
		E1A44FEE2B0133740096AC35 /* Resources */ = {
			isa = PBXResourcesBuildPhase;
			buildActionMask = 2147483647;
			files = (
			);
			runOnlyForDeploymentPostprocessing = 0;
		};
/* End PBXResourcesBuildPhase section */

/* Begin PBXSourcesBuildPhase section */
		E1A44FCC2B0133730096AC35 /* Sources */ = {
			isa = PBXSourcesBuildPhase;
			buildActionMask = 2147483647;
			files = (
				E17F6A162B02AB8E005136F3 /* NotificationsTableViewCell.swift in Sources */,
				E165CB7F2B175FF0001AF30E /* FeaturedTableViewHeaderViewModel.swift in Sources */,
				E15CA9642B0FC29D00884139 /* APIService.swift in Sources */,
				E1884C282B14AF7E0064E190 /* MenuTableViewCell.swift in Sources */,
				E1A44FD82B0133730096AC35 /* TabBarController.swift in Sources */,
				E1A44FD42B0133730096AC35 /* AppDelegate.swift in Sources */,
				E1E52BBB2B178FF700077484 /* DetailsViewController.swift in Sources */,
				E14C2AD62B0143B500A57A78 /* ContentStoreViewModel.swift in Sources */,
				E16FE1C42B0136D400677464 /* ContentStoreViewController.swift in Sources */,
				E126070D2B226627003DEC27 /* TechViewController.swift in Sources */,
				E14346932B16424D00608BB5 /* APICacheManager.swift in Sources */,
				E13E293D2B192654007CBC21 /* WebViewViewController.swift in Sources */,
				E12607192B22666B003DEC27 /* SportsViewController.swift in Sources */,
				E126071D2B22667B003DEC27 /* ArtsViewController.swift in Sources */,
				E19C21292B207EA500A8D5DA /* SearchResultsViewController.swift in Sources */,
				E14C2AD22B01439E00A57A78 /* HomeViewModel.swift in Sources */,
				E15CA9682B0FC2B700884139 /* APIEndpoint.swift in Sources */,
				E17F6A112B02994B005136F3 /* FeaturedTableViewCell.swift in Sources */,
				E126070B2B224B95003DEC27 /* NewsViewController.swift in Sources */,
				E14C2AD82B0143D400A57A78 /* NotificationsViewModel.swift in Sources */,
				E17F6A142B02A79A005136F3 /* FeaturedTableViewHeader.swift in Sources */,
				E126070F2B226631003DEC27 /* GamingViewController.swift in Sources */,
				E14C2AD42B0143A900A57A78 /* FeaturedViewModel.swift in Sources */,
				E1A44FD62B0133730096AC35 /* SceneDelegate.swift in Sources */,
				E17F6A0F2B029042005136F3 /* Extensions.swift in Sources */,
				E1884C242B14A2D00064E190 /* ContainerViewController.swift in Sources */,
				E126071B2B226671003DEC27 /* CinemaViewController.swift in Sources */,
				E1884C2A2B14F75C0064E190 /* MenuHeaderView.swift in Sources */,
				E12607132B226649003DEC27 /* FinanceViewController.swift in Sources */,
				E14601912B13750C00FEEF3E /* ImageLoader.swift in Sources */,
				E15CA9622B0FBFDB00884139 /* NewsModel.swift in Sources */,
				E16FE1C02B0136B300677464 /* HomeViewController.swift in Sources */,
				E12607172B22665F003DEC27 /* ScienceViewController.swift in Sources */,
				E165CB7D2B17599B001AF30E /* FeaturedHeaderCollectionViewCell.swift in Sources */,
				E12607112B226638003DEC27 /* PoliticsViewController.swift in Sources */,
				E16FE1C62B0136E500677464 /* NotificationsViewController.swift in Sources */,
				E12607152B226657003DEC27 /* LifestyleViewController.swift in Sources */,
				E16FE1C22B0136BF00677464 /* FeaturedViewController.swift in Sources */,
				E15CA9662B0FC2A700884139 /* APIRequest.swift in Sources */,
				E14C2ADE2B0146E700A57A78 /* HomeCollectionViewCell.swift in Sources */,
				E1884C262B14A2F40064E190 /* MenuViewController.swift in Sources */,
			);
			runOnlyForDeploymentPostprocessing = 0;
		};
		E1A44FE22B0133740096AC35 /* Sources */ = {
			isa = PBXSourcesBuildPhase;
			buildActionMask = 2147483647;
			files = (
				E1A44FEB2B0133740096AC35 /* BundleCloneTests.swift in Sources */,
			);
			runOnlyForDeploymentPostprocessing = 0;
		};
		E1A44FEC2B0133740096AC35 /* Sources */ = {
			isa = PBXSourcesBuildPhase;
			buildActionMask = 2147483647;
			files = (
				E1A44FF72B0133740096AC35 /* BundleCloneUITestsLaunchTests.swift in Sources */,
				E1A44FF52B0133740096AC35 /* BundleCloneUITests.swift in Sources */,
			);
			runOnlyForDeploymentPostprocessing = 0;
		};
/* End PBXSourcesBuildPhase section */

/* Begin PBXTargetDependency section */
		E1A44FE82B0133740096AC35 /* PBXTargetDependency */ = {
			isa = PBXTargetDependency;
			target = E1A44FCF2B0133730096AC35 /* BundleClone */;
			targetProxy = E1A44FE72B0133740096AC35 /* PBXContainerItemProxy */;
		};
		E1A44FF22B0133740096AC35 /* PBXTargetDependency */ = {
			isa = PBXTargetDependency;
			target = E1A44FCF2B0133730096AC35 /* BundleClone */;
			targetProxy = E1A44FF12B0133740096AC35 /* PBXContainerItemProxy */;
		};
/* End PBXTargetDependency section */

/* Begin PBXVariantGroup section */
		E1A44FDE2B0133740096AC35 /* LaunchScreen.storyboard */ = {
			isa = PBXVariantGroup;
			children = (
				E1A44FDF2B0133740096AC35 /* Base */,
			);
			name = LaunchScreen.storyboard;
			sourceTree = "<group>";
		};
/* End PBXVariantGroup section */

/* Begin XCBuildConfiguration section */
		E1A44FF82B0133740096AC35 /* Debug */ = {
			isa = XCBuildConfiguration;
			buildSettings = {
				ALWAYS_SEARCH_USER_PATHS = NO;
				ASSETCATALOG_COMPILER_GENERATE_SWIFT_ASSET_SYMBOL_EXTENSIONS = YES;
				CLANG_ANALYZER_NONNULL = YES;
				CLANG_ANALYZER_NUMBER_OBJECT_CONVERSION = YES_AGGRESSIVE;
				CLANG_CXX_LANGUAGE_STANDARD = "gnu++20";
				CLANG_ENABLE_MODULES = YES;
				CLANG_ENABLE_OBJC_ARC = YES;
				CLANG_ENABLE_OBJC_WEAK = YES;
				CLANG_WARN_BLOCK_CAPTURE_AUTORELEASING = YES;
				CLANG_WARN_BOOL_CONVERSION = YES;
				CLANG_WARN_COMMA = YES;
				CLANG_WARN_CONSTANT_CONVERSION = YES;
				CLANG_WARN_DEPRECATED_OBJC_IMPLEMENTATIONS = YES;
				CLANG_WARN_DIRECT_OBJC_ISA_USAGE = YES_ERROR;
				CLANG_WARN_DOCUMENTATION_COMMENTS = YES;
				CLANG_WARN_EMPTY_BODY = YES;
				CLANG_WARN_ENUM_CONVERSION = YES;
				CLANG_WARN_INFINITE_RECURSION = YES;
				CLANG_WARN_INT_CONVERSION = YES;
				CLANG_WARN_NON_LITERAL_NULL_CONVERSION = YES;
				CLANG_WARN_OBJC_IMPLICIT_RETAIN_SELF = YES;
				CLANG_WARN_OBJC_LITERAL_CONVERSION = YES;
				CLANG_WARN_OBJC_ROOT_CLASS = YES_ERROR;
				CLANG_WARN_QUOTED_INCLUDE_IN_FRAMEWORK_HEADER = YES;
				CLANG_WARN_RANGE_LOOP_ANALYSIS = YES;
				CLANG_WARN_STRICT_PROTOTYPES = YES;
				CLANG_WARN_SUSPICIOUS_MOVE = YES;
				CLANG_WARN_UNGUARDED_AVAILABILITY = YES_AGGRESSIVE;
				CLANG_WARN_UNREACHABLE_CODE = YES;
				CLANG_WARN__DUPLICATE_METHOD_MATCH = YES;
				COPY_PHASE_STRIP = NO;
				DEBUG_INFORMATION_FORMAT = dwarf;
				ENABLE_STRICT_OBJC_MSGSEND = YES;
				ENABLE_TESTABILITY = YES;
				ENABLE_USER_SCRIPT_SANDBOXING = YES;
				GCC_C_LANGUAGE_STANDARD = gnu17;
				GCC_DYNAMIC_NO_PIC = NO;
				GCC_NO_COMMON_BLOCKS = YES;
				GCC_OPTIMIZATION_LEVEL = 0;
				GCC_PREPROCESSOR_DEFINITIONS = (
					"DEBUG=1",
					"$(inherited)",
				);
				GCC_WARN_64_TO_32_BIT_CONVERSION = YES;
				GCC_WARN_ABOUT_RETURN_TYPE = YES_ERROR;
				GCC_WARN_UNDECLARED_SELECTOR = YES;
				GCC_WARN_UNINITIALIZED_AUTOS = YES_AGGRESSIVE;
				GCC_WARN_UNUSED_FUNCTION = YES;
				GCC_WARN_UNUSED_VARIABLE = YES;
				IPHONEOS_DEPLOYMENT_TARGET = 17.0;
				LOCALIZATION_PREFERS_STRING_CATALOGS = YES;
				MTL_ENABLE_DEBUG_INFO = INCLUDE_SOURCE;
				MTL_FAST_MATH = YES;
				ONLY_ACTIVE_ARCH = YES;
				SDKROOT = iphoneos;
				SWIFT_ACTIVE_COMPILATION_CONDITIONS = "DEBUG $(inherited)";
				SWIFT_OPTIMIZATION_LEVEL = "-Onone";
			};
			name = Debug;
		};
		E1A44FF92B0133740096AC35 /* Release */ = {
			isa = XCBuildConfiguration;
			buildSettings = {
				ALWAYS_SEARCH_USER_PATHS = NO;
				ASSETCATALOG_COMPILER_GENERATE_SWIFT_ASSET_SYMBOL_EXTENSIONS = YES;
				CLANG_ANALYZER_NONNULL = YES;
				CLANG_ANALYZER_NUMBER_OBJECT_CONVERSION = YES_AGGRESSIVE;
				CLANG_CXX_LANGUAGE_STANDARD = "gnu++20";
				CLANG_ENABLE_MODULES = YES;
				CLANG_ENABLE_OBJC_ARC = YES;
				CLANG_ENABLE_OBJC_WEAK = YES;
				CLANG_WARN_BLOCK_CAPTURE_AUTORELEASING = YES;
				CLANG_WARN_BOOL_CONVERSION = YES;
				CLANG_WARN_COMMA = YES;
				CLANG_WARN_CONSTANT_CONVERSION = YES;
				CLANG_WARN_DEPRECATED_OBJC_IMPLEMENTATIONS = YES;
				CLANG_WARN_DIRECT_OBJC_ISA_USAGE = YES_ERROR;
				CLANG_WARN_DOCUMENTATION_COMMENTS = YES;
				CLANG_WARN_EMPTY_BODY = YES;
				CLANG_WARN_ENUM_CONVERSION = YES;
				CLANG_WARN_INFINITE_RECURSION = YES;
				CLANG_WARN_INT_CONVERSION = YES;
				CLANG_WARN_NON_LITERAL_NULL_CONVERSION = YES;
				CLANG_WARN_OBJC_IMPLICIT_RETAIN_SELF = YES;
				CLANG_WARN_OBJC_LITERAL_CONVERSION = YES;
				CLANG_WARN_OBJC_ROOT_CLASS = YES_ERROR;
				CLANG_WARN_QUOTED_INCLUDE_IN_FRAMEWORK_HEADER = YES;
				CLANG_WARN_RANGE_LOOP_ANALYSIS = YES;
				CLANG_WARN_STRICT_PROTOTYPES = YES;
				CLANG_WARN_SUSPICIOUS_MOVE = YES;
				CLANG_WARN_UNGUARDED_AVAILABILITY = YES_AGGRESSIVE;
				CLANG_WARN_UNREACHABLE_CODE = YES;
				CLANG_WARN__DUPLICATE_METHOD_MATCH = YES;
				COPY_PHASE_STRIP = NO;
				DEBUG_INFORMATION_FORMAT = "dwarf-with-dsym";
				ENABLE_NS_ASSERTIONS = NO;
				ENABLE_STRICT_OBJC_MSGSEND = YES;
				ENABLE_USER_SCRIPT_SANDBOXING = YES;
				GCC_C_LANGUAGE_STANDARD = gnu17;
				GCC_NO_COMMON_BLOCKS = YES;
				GCC_WARN_64_TO_32_BIT_CONVERSION = YES;
				GCC_WARN_ABOUT_RETURN_TYPE = YES_ERROR;
				GCC_WARN_UNDECLARED_SELECTOR = YES;
				GCC_WARN_UNINITIALIZED_AUTOS = YES_AGGRESSIVE;
				GCC_WARN_UNUSED_FUNCTION = YES;
				GCC_WARN_UNUSED_VARIABLE = YES;
				IPHONEOS_DEPLOYMENT_TARGET = 17.0;
				LOCALIZATION_PREFERS_STRING_CATALOGS = YES;
				MTL_ENABLE_DEBUG_INFO = NO;
				MTL_FAST_MATH = YES;
				SDKROOT = iphoneos;
				SWIFT_COMPILATION_MODE = wholemodule;
				VALIDATE_PRODUCT = YES;
			};
			name = Release;
		};
		E1A44FFB2B0133740096AC35 /* Debug */ = {
			isa = XCBuildConfiguration;
			buildSettings = {
				ASSETCATALOG_COMPILER_APPICON_NAME = AppIcon;
				ASSETCATALOG_COMPILER_GLOBAL_ACCENT_COLOR_NAME = AccentColor;
				CODE_SIGN_STYLE = Automatic;
				CURRENT_PROJECT_VERSION = 1;
				DEVELOPMENT_TEAM = 5U3H44JGNP;
				GENERATE_INFOPLIST_FILE = YES;
				INFOPLIST_FILE = BundleClone/Info.plist;
				INFOPLIST_KEY_UIApplicationSupportsIndirectInputEvents = YES;
				INFOPLIST_KEY_UILaunchStoryboardName = LaunchScreen;
				INFOPLIST_KEY_UISupportedInterfaceOrientations_iPad = "UIInterfaceOrientationPortrait UIInterfaceOrientationPortraitUpsideDown UIInterfaceOrientationLandscapeLeft UIInterfaceOrientationLandscapeRight";
				INFOPLIST_KEY_UISupportedInterfaceOrientations_iPhone = "UIInterfaceOrientationPortrait UIInterfaceOrientationLandscapeLeft UIInterfaceOrientationLandscapeRight";
				LD_RUNPATH_SEARCH_PATHS = (
					"$(inherited)",
					"@executable_path/Frameworks",
				);
				MARKETING_VERSION = 1.0;
				PRODUCT_BUNDLE_IDENTIFIER = altankoray.BundleClone;
				PRODUCT_NAME = "$(TARGET_NAME)";
				SWIFT_EMIT_LOC_STRINGS = YES;
				SWIFT_VERSION = 5.0;
				TARGETED_DEVICE_FAMILY = "1,2";
			};
			name = Debug;
		};
		E1A44FFC2B0133740096AC35 /* Release */ = {
			isa = XCBuildConfiguration;
			buildSettings = {
				ASSETCATALOG_COMPILER_APPICON_NAME = AppIcon;
				ASSETCATALOG_COMPILER_GLOBAL_ACCENT_COLOR_NAME = AccentColor;
				CODE_SIGN_STYLE = Automatic;
				CURRENT_PROJECT_VERSION = 1;
				DEVELOPMENT_TEAM = 5U3H44JGNP;
				GENERATE_INFOPLIST_FILE = YES;
				INFOPLIST_FILE = BundleClone/Info.plist;
				INFOPLIST_KEY_UIApplicationSupportsIndirectInputEvents = YES;
				INFOPLIST_KEY_UILaunchStoryboardName = LaunchScreen;
				INFOPLIST_KEY_UISupportedInterfaceOrientations_iPad = "UIInterfaceOrientationPortrait UIInterfaceOrientationPortraitUpsideDown UIInterfaceOrientationLandscapeLeft UIInterfaceOrientationLandscapeRight";
				INFOPLIST_KEY_UISupportedInterfaceOrientations_iPhone = "UIInterfaceOrientationPortrait UIInterfaceOrientationLandscapeLeft UIInterfaceOrientationLandscapeRight";
				LD_RUNPATH_SEARCH_PATHS = (
					"$(inherited)",
					"@executable_path/Frameworks",
				);
				MARKETING_VERSION = 1.0;
				PRODUCT_BUNDLE_IDENTIFIER = altankoray.BundleClone;
				PRODUCT_NAME = "$(TARGET_NAME)";
				SWIFT_EMIT_LOC_STRINGS = YES;
				SWIFT_VERSION = 5.0;
				TARGETED_DEVICE_FAMILY = "1,2";
			};
			name = Release;
		};
		E1A44FFE2B0133740096AC35 /* Debug */ = {
			isa = XCBuildConfiguration;
			buildSettings = {
				ALWAYS_EMBED_SWIFT_STANDARD_LIBRARIES = YES;
				BUNDLE_LOADER = "$(TEST_HOST)";
				CODE_SIGN_STYLE = Automatic;
				CURRENT_PROJECT_VERSION = 1;
				DEVELOPMENT_TEAM = 5U3H44JGNP;
				GENERATE_INFOPLIST_FILE = YES;
				IPHONEOS_DEPLOYMENT_TARGET = 17.0;
				MARKETING_VERSION = 1.0;
				PRODUCT_BUNDLE_IDENTIFIER = altankoray.BundleCloneTests;
				PRODUCT_NAME = "$(TARGET_NAME)";
				SWIFT_EMIT_LOC_STRINGS = NO;
				SWIFT_VERSION = 5.0;
				TARGETED_DEVICE_FAMILY = "1,2";
				TEST_HOST = "$(BUILT_PRODUCTS_DIR)/BundleClone.app/$(BUNDLE_EXECUTABLE_FOLDER_PATH)/BundleClone";
			};
			name = Debug;
		};
		E1A44FFF2B0133740096AC35 /* Release */ = {
			isa = XCBuildConfiguration;
			buildSettings = {
				ALWAYS_EMBED_SWIFT_STANDARD_LIBRARIES = YES;
				BUNDLE_LOADER = "$(TEST_HOST)";
				CODE_SIGN_STYLE = Automatic;
				CURRENT_PROJECT_VERSION = 1;
				DEVELOPMENT_TEAM = 5U3H44JGNP;
				GENERATE_INFOPLIST_FILE = YES;
				IPHONEOS_DEPLOYMENT_TARGET = 17.0;
				MARKETING_VERSION = 1.0;
				PRODUCT_BUNDLE_IDENTIFIER = altankoray.BundleCloneTests;
				PRODUCT_NAME = "$(TARGET_NAME)";
				SWIFT_EMIT_LOC_STRINGS = NO;
				SWIFT_VERSION = 5.0;
				TARGETED_DEVICE_FAMILY = "1,2";
				TEST_HOST = "$(BUILT_PRODUCTS_DIR)/BundleClone.app/$(BUNDLE_EXECUTABLE_FOLDER_PATH)/BundleClone";
			};
			name = Release;
		};
		E1A450012B0133740096AC35 /* Debug */ = {
			isa = XCBuildConfiguration;
			buildSettings = {
				ALWAYS_EMBED_SWIFT_STANDARD_LIBRARIES = YES;
				CODE_SIGN_STYLE = Automatic;
				CURRENT_PROJECT_VERSION = 1;
				DEVELOPMENT_TEAM = 5U3H44JGNP;
				GENERATE_INFOPLIST_FILE = YES;
				MARKETING_VERSION = 1.0;
				PRODUCT_BUNDLE_IDENTIFIER = altankoray.BundleCloneUITests;
				PRODUCT_NAME = "$(TARGET_NAME)";
				SWIFT_EMIT_LOC_STRINGS = NO;
				SWIFT_VERSION = 5.0;
				TARGETED_DEVICE_FAMILY = "1,2";
				TEST_TARGET_NAME = BundleClone;
			};
			name = Debug;
		};
		E1A450022B0133740096AC35 /* Release */ = {
			isa = XCBuildConfiguration;
			buildSettings = {
				ALWAYS_EMBED_SWIFT_STANDARD_LIBRARIES = YES;
				CODE_SIGN_STYLE = Automatic;
				CURRENT_PROJECT_VERSION = 1;
				DEVELOPMENT_TEAM = 5U3H44JGNP;
				GENERATE_INFOPLIST_FILE = YES;
				MARKETING_VERSION = 1.0;
				PRODUCT_BUNDLE_IDENTIFIER = altankoray.BundleCloneUITests;
				PRODUCT_NAME = "$(TARGET_NAME)";
				SWIFT_EMIT_LOC_STRINGS = NO;
				SWIFT_VERSION = 5.0;
				TARGETED_DEVICE_FAMILY = "1,2";
				TEST_TARGET_NAME = BundleClone;
			};
			name = Release;
		};
/* End XCBuildConfiguration section */

/* Begin XCConfigurationList section */
		E1A44FCB2B0133730096AC35 /* Build configuration list for PBXProject "BundleClone" */ = {
			isa = XCConfigurationList;
			buildConfigurations = (
				E1A44FF82B0133740096AC35 /* Debug */,
				E1A44FF92B0133740096AC35 /* Release */,
			);
			defaultConfigurationIsVisible = 0;
			defaultConfigurationName = Release;
		};
		E1A44FFA2B0133740096AC35 /* Build configuration list for PBXNativeTarget "BundleClone" */ = {
			isa = XCConfigurationList;
			buildConfigurations = (
				E1A44FFB2B0133740096AC35 /* Debug */,
				E1A44FFC2B0133740096AC35 /* Release */,
			);
			defaultConfigurationIsVisible = 0;
			defaultConfigurationName = Release;
		};
		E1A44FFD2B0133740096AC35 /* Build configuration list for PBXNativeTarget "BundleCloneTests" */ = {
			isa = XCConfigurationList;
			buildConfigurations = (
				E1A44FFE2B0133740096AC35 /* Debug */,
				E1A44FFF2B0133740096AC35 /* Release */,
			);
			defaultConfigurationIsVisible = 0;
			defaultConfigurationName = Release;
		};
		E1A450002B0133740096AC35 /* Build configuration list for PBXNativeTarget "BundleCloneUITests" */ = {
			isa = XCConfigurationList;
			buildConfigurations = (
				E1A450012B0133740096AC35 /* Debug */,
				E1A450022B0133740096AC35 /* Release */,
			);
			defaultConfigurationIsVisible = 0;
			defaultConfigurationName = Release;
		};
/* End XCConfigurationList section */
	};
	rootObject = E1A44FC82B0133730096AC35 /* Project object */;
}
